// !$*UTF8*$!
{
	archiveVersion = 1;
	classes = {
	};
	objectVersion = 56;
	objects = {

/* Begin PBXBuildFile section */
		A31FDAD329FFD2370013DD4E /* LocalFileManager.swift in Sources */ = {isa = PBXBuildFile; fileRef = A31FDAD229FFD2370013DD4E /* LocalFileManager.swift */; };
		A3452AC829E974B8005DD013 /* CryptoAppApp.swift in Sources */ = {isa = PBXBuildFile; fileRef = A3452AC729E974B8005DD013 /* CryptoAppApp.swift */; };
		A3452ACA29E974B8005DD013 /* ContentView.swift in Sources */ = {isa = PBXBuildFile; fileRef = A3452AC929E974B8005DD013 /* ContentView.swift */; };
		A3452ACC29E974B9005DD013 /* Assets.xcassets in Resources */ = {isa = PBXBuildFile; fileRef = A3452ACB29E974B9005DD013 /* Assets.xcassets */; };
		A3452ACF29E974B9005DD013 /* Preview Assets.xcassets in Resources */ = {isa = PBXBuildFile; fileRef = A3452ACE29E974B9005DD013 /* Preview Assets.xcassets */; };
		A3452AD729E97730005DD013 /* Color.swift in Sources */ = {isa = PBXBuildFile; fileRef = A3452AD629E97730005DD013 /* Color.swift */; };
		A3452ADD29E9792D005DD013 /* HomeView.swift in Sources */ = {isa = PBXBuildFile; fileRef = A3452ADC29E9792D005DD013 /* HomeView.swift */; };
		A3452AE129E97A9E005DD013 /* CircleButtonView.swift in Sources */ = {isa = PBXBuildFile; fileRef = A3452AE029E97A9E005DD013 /* CircleButtonView.swift */; };
		A3C044F829FFC9BA006D6B24 /* CoinImageView.swift in Sources */ = {isa = PBXBuildFile; fileRef = A3C044F729FFC9BA006D6B24 /* CoinImageView.swift */; };
		A3C044FA29FFCB99006D6B24 /* CoinImageService.swift in Sources */ = {isa = PBXBuildFile; fileRef = A3C044F929FFCB99006D6B24 /* CoinImageService.swift */; };
		A3C044FD29FFCCF4006D6B24 /* CoinImageViewModel.swift in Sources */ = {isa = PBXBuildFile; fileRef = A3C044FC29FFCCF4006D6B24 /* CoinImageViewModel.swift */; };
		A3CD8DDC29EEA404000167B4 /* CircleButtonAnimationView.swift in Sources */ = {isa = PBXBuildFile; fileRef = A3CD8DDB29EEA404000167B4 /* CircleButtonAnimationView.swift */; };
		A3CD8DDF29EEA5FF000167B4 /* CoinModel.swift in Sources */ = {isa = PBXBuildFile; fileRef = A3CD8DDE29EEA5FF000167B4 /* CoinModel.swift */; };
		A3CD8DE129EEB6B8000167B4 /* CoinRowView.swift in Sources */ = {isa = PBXBuildFile; fileRef = A3CD8DE029EEB6B8000167B4 /* CoinRowView.swift */; };
		A3CD8DE329EEB71B000167B4 /* PreviewProvider.swift in Sources */ = {isa = PBXBuildFile; fileRef = A3CD8DE229EEB71B000167B4 /* PreviewProvider.swift */; };
		A3CD8DE529EEBB15000167B4 /* Double.swift in Sources */ = {isa = PBXBuildFile; fileRef = A3CD8DE429EEBB15000167B4 /* Double.swift */; };
		A3CD8DE729EF2186000167B4 /* HomeViewModel.swift in Sources */ = {isa = PBXBuildFile; fileRef = A3CD8DE629EF2186000167B4 /* HomeViewModel.swift */; };
		A3CD8DEA29EF263B000167B4 /* CoinDataService.swift in Sources */ = {isa = PBXBuildFile; fileRef = A3CD8DE929EF263B000167B4 /* CoinDataService.swift */; };
		A3CD8DED29EFFF7D000167B4 /* NetworkingManager.swift in Sources */ = {isa = PBXBuildFile; fileRef = A3CD8DEC29EFFF7D000167B4 /* NetworkingManager.swift */; };
/* End PBXBuildFile section */

/* Begin PBXFileReference section */
		A31FDAD229FFD2370013DD4E /* LocalFileManager.swift */ = {isa = PBXFileReference; lastKnownFileType = sourcecode.swift; path = LocalFileManager.swift; sourceTree = "<group>"; };
		A3452AC429E974B8005DD013 /* CryptoApp.app */ = {isa = PBXFileReference; explicitFileType = wrapper.application; includeInIndex = 0; path = CryptoApp.app; sourceTree = BUILT_PRODUCTS_DIR; };
		A3452AC729E974B8005DD013 /* CryptoAppApp.swift */ = {isa = PBXFileReference; lastKnownFileType = sourcecode.swift; path = CryptoAppApp.swift; sourceTree = "<group>"; };
		A3452AC929E974B8005DD013 /* ContentView.swift */ = {isa = PBXFileReference; lastKnownFileType = sourcecode.swift; path = ContentView.swift; sourceTree = "<group>"; };
		A3452ACB29E974B9005DD013 /* Assets.xcassets */ = {isa = PBXFileReference; lastKnownFileType = folder.assetcatalog; path = Assets.xcassets; sourceTree = "<group>"; };
		A3452ACE29E974B9005DD013 /* Preview Assets.xcassets */ = {isa = PBXFileReference; lastKnownFileType = folder.assetcatalog; path = "Preview Assets.xcassets"; sourceTree = "<group>"; };
		A3452AD629E97730005DD013 /* Color.swift */ = {isa = PBXFileReference; lastKnownFileType = sourcecode.swift; path = Color.swift; sourceTree = "<group>"; };
		A3452ADC29E9792D005DD013 /* HomeView.swift */ = {isa = PBXFileReference; lastKnownFileType = sourcecode.swift; path = HomeView.swift; sourceTree = "<group>"; };
		A3452AE029E97A9E005DD013 /* CircleButtonView.swift */ = {isa = PBXFileReference; lastKnownFileType = sourcecode.swift; path = CircleButtonView.swift; sourceTree = "<group>"; };
		A3C044F729FFC9BA006D6B24 /* CoinImageView.swift */ = {isa = PBXFileReference; lastKnownFileType = sourcecode.swift; path = CoinImageView.swift; sourceTree = "<group>"; };
		A3C044F929FFCB99006D6B24 /* CoinImageService.swift */ = {isa = PBXFileReference; lastKnownFileType = sourcecode.swift; path = CoinImageService.swift; sourceTree = "<group>"; };
		A3C044FC29FFCCF4006D6B24 /* CoinImageViewModel.swift */ = {isa = PBXFileReference; lastKnownFileType = sourcecode.swift; path = CoinImageViewModel.swift; sourceTree = "<group>"; };
		A3CD8DDB29EEA404000167B4 /* CircleButtonAnimationView.swift */ = {isa = PBXFileReference; lastKnownFileType = sourcecode.swift; path = CircleButtonAnimationView.swift; sourceTree = "<group>"; };
		A3CD8DDE29EEA5FF000167B4 /* CoinModel.swift */ = {isa = PBXFileReference; lastKnownFileType = sourcecode.swift; path = CoinModel.swift; sourceTree = "<group>"; };
		A3CD8DE029EEB6B8000167B4 /* CoinRowView.swift */ = {isa = PBXFileReference; lastKnownFileType = sourcecode.swift; path = CoinRowView.swift; sourceTree = "<group>"; };
		A3CD8DE229EEB71B000167B4 /* PreviewProvider.swift */ = {isa = PBXFileReference; lastKnownFileType = sourcecode.swift; path = PreviewProvider.swift; sourceTree = "<group>"; };
		A3CD8DE429EEBB15000167B4 /* Double.swift */ = {isa = PBXFileReference; lastKnownFileType = sourcecode.swift; path = Double.swift; sourceTree = "<group>"; };
		A3CD8DE629EF2186000167B4 /* HomeViewModel.swift */ = {isa = PBXFileReference; lastKnownFileType = sourcecode.swift; path = HomeViewModel.swift; sourceTree = "<group>"; };
		A3CD8DE929EF263B000167B4 /* CoinDataService.swift */ = {isa = PBXFileReference; lastKnownFileType = sourcecode.swift; path = CoinDataService.swift; sourceTree = "<group>"; };
		A3CD8DEC29EFFF7D000167B4 /* NetworkingManager.swift */ = {isa = PBXFileReference; lastKnownFileType = sourcecode.swift; path = NetworkingManager.swift; sourceTree = "<group>"; };
/* End PBXFileReference section */

/* Begin PBXFrameworksBuildPhase section */
		A3452AC129E974B8005DD013 /* Frameworks */ = {
			isa = PBXFrameworksBuildPhase;
			buildActionMask = 2147483647;
			files = (
			);
			runOnlyForDeploymentPostprocessing = 0;
		};
/* End PBXFrameworksBuildPhase section */

/* Begin PBXGroup section */
		A3452ABB29E974B8005DD013 = {
			isa = PBXGroup;
			children = (
				A3452AC629E974B8005DD013 /* CryptoApp */,
				A3452AC529E974B8005DD013 /* Products */,
			);
			sourceTree = "<group>";
		};
		A3452AC529E974B8005DD013 /* Products */ = {
			isa = PBXGroup;
			children = (
				A3452AC429E974B8005DD013 /* CryptoApp.app */,
			);
			name = Products;
			sourceTree = "<group>";
		};
		A3452AC629E974B8005DD013 /* CryptoApp */ = {
			isa = PBXGroup;
			children = (
				A3CD8DEB29EFFF54000167B4 /* Utilities */,
				A3452AD529E97710005DD013 /* Extensions */,
				A3CD8DE829EF25FE000167B4 /* Services */,
				A3CD8DDD29EEA5E3000167B4 /* Models */,
				A3452AD829E978F7005DD013 /* Core */,
				A3452AC729E974B8005DD013 /* CryptoAppApp.swift */,
				A3452AC929E974B8005DD013 /* ContentView.swift */,
				A3452ACB29E974B9005DD013 /* Assets.xcassets */,
				A3452ACD29E974B9005DD013 /* Preview Content */,
			);
			path = CryptoApp;
			sourceTree = "<group>";
		};
		A3452ACD29E974B9005DD013 /* Preview Content */ = {
			isa = PBXGroup;
			children = (
				A3452ACE29E974B9005DD013 /* Preview Assets.xcassets */,
			);
			path = "Preview Content";
			sourceTree = "<group>";
		};
		A3452AD529E97710005DD013 /* Extensions */ = {
			isa = PBXGroup;
			children = (
				A3452AD629E97730005DD013 /* Color.swift */,
				A3CD8DE229EEB71B000167B4 /* PreviewProvider.swift */,
				A3CD8DE429EEBB15000167B4 /* Double.swift */,
			);
			path = Extensions;
			sourceTree = "<group>";
		};
		A3452AD829E978F7005DD013 /* Core */ = {
			isa = PBXGroup;
			children = (
				A3452ADE29E97A6C005DD013 /* Components */,
				A3452AD929E978FF005DD013 /* Home */,
			);
			path = Core;
			sourceTree = "<group>";
		};
		A3452AD929E978FF005DD013 /* Home */ = {
			isa = PBXGroup;
			children = (
				A3452ADB29E97912005DD013 /* ViewModels */,
				A3452ADA29E97906005DD013 /* Views */,
			);
			path = Home;
			sourceTree = "<group>";
		};
		A3452ADA29E97906005DD013 /* Views */ = {
			isa = PBXGroup;
			children = (
				A3452ADC29E9792D005DD013 /* HomeView.swift */,
				A3CD8DE029EEB6B8000167B4 /* CoinRowView.swift */,
			);
			path = Views;
			sourceTree = "<group>";
		};
		A3452ADB29E97912005DD013 /* ViewModels */ = {
			isa = PBXGroup;
			children = (
				A3CD8DE629EF2186000167B4 /* HomeViewModel.swift */,
			);
			path = ViewModels;
			sourceTree = "<group>";
		};
		A3452ADE29E97A6C005DD013 /* Components */ = {
			isa = PBXGroup;
			children = (
				A3C044FB29FFCCD6006D6B24 /* CoinImage */,
				A3452ADF29E97A89005DD013 /* CircleButton */,
			);
			path = Components;
			sourceTree = "<group>";
		};
		A3452ADF29E97A89005DD013 /* CircleButton */ = {
			isa = PBXGroup;
			children = (
				A3452AE029E97A9E005DD013 /* CircleButtonView.swift */,
				A3CD8DDB29EEA404000167B4 /* CircleButtonAnimationView.swift */,
			);
			path = CircleButton;
			sourceTree = "<group>";
		};
		A3C044FB29FFCCD6006D6B24 /* CoinImage */ = {
			isa = PBXGroup;
			children = (
				A3C044F729FFC9BA006D6B24 /* CoinImageView.swift */,
				A3C044FC29FFCCF4006D6B24 /* CoinImageViewModel.swift */,
			);
			path = CoinImage;
			sourceTree = "<group>";
		};
		A3CD8DDD29EEA5E3000167B4 /* Models */ = {
			isa = PBXGroup;
			children = (
				A3CD8DDE29EEA5FF000167B4 /* CoinModel.swift */,
			);
			path = Models;
			sourceTree = "<group>";
		};
		A3CD8DE829EF25FE000167B4 /* Services */ = {
			isa = PBXGroup;
			children = (
				A3CD8DE929EF263B000167B4 /* CoinDataService.swift */,
				A3C044F929FFCB99006D6B24 /* CoinImageService.swift */,
				A31FDAD229FFD2370013DD4E /* LocalFileManager.swift */,
			);
			path = Services;
			sourceTree = "<group>";
		};
		A3CD8DEB29EFFF54000167B4 /* Utilities */ = {
			isa = PBXGroup;
			children = (
				A3CD8DEC29EFFF7D000167B4 /* NetworkingManager.swift */,
			);
			path = Utilities;
			sourceTree = "<group>";
		};
/* End PBXGroup section */

/* Begin PBXNativeTarget section */
		A3452AC329E974B8005DD013 /* CryptoApp */ = {
			isa = PBXNativeTarget;
			buildConfigurationList = A3452AD229E974B9005DD013 /* Build configuration list for PBXNativeTarget "CryptoApp" */;
			buildPhases = (
				A3452AC029E974B8005DD013 /* Sources */,
				A3452AC129E974B8005DD013 /* Frameworks */,
				A3452AC229E974B8005DD013 /* Resources */,
			);
			buildRules = (
			);
			dependencies = (
			);
			name = CryptoApp;
			productName = CryptoApp;
			productReference = A3452AC429E974B8005DD013 /* CryptoApp.app */;
			productType = "com.apple.product-type.application";
		};
/* End PBXNativeTarget section */

/* Begin PBXProject section */
		A3452ABC29E974B8005DD013 /* Project object */ = {
			isa = PBXProject;
			attributes = {
				BuildIndependentTargetsInParallel = 1;
				LastSwiftUpdateCheck = 1430;
				LastUpgradeCheck = 1430;
				TargetAttributes = {
					A3452AC329E974B8005DD013 = {
						CreatedOnToolsVersion = 14.3;
					};
				};
			};
			buildConfigurationList = A3452ABF29E974B8005DD013 /* Build configuration list for PBXProject "CryptoApp" */;
			compatibilityVersion = "Xcode 14.0";
			developmentRegion = en;
			hasScannedForEncodings = 0;
			knownRegions = (
				en,
				Base,
			);
			mainGroup = A3452ABB29E974B8005DD013;
			productRefGroup = A3452AC529E974B8005DD013 /* Products */;
			projectDirPath = "";
			projectRoot = "";
			targets = (
				A3452AC329E974B8005DD013 /* CryptoApp */,
			);
		};
/* End PBXProject section */

/* Begin PBXResourcesBuildPhase section */
		A3452AC229E974B8005DD013 /* Resources */ = {
			isa = PBXResourcesBuildPhase;
			buildActionMask = 2147483647;
			files = (
				A3452ACF29E974B9005DD013 /* Preview Assets.xcassets in Resources */,
				A3452ACC29E974B9005DD013 /* Assets.xcassets in Resources */,
			);
			runOnlyForDeploymentPostprocessing = 0;
		};
/* End PBXResourcesBuildPhase section */

/* Begin PBXSourcesBuildPhase section */
		A3452AC029E974B8005DD013 /* Sources */ = {
			isa = PBXSourcesBuildPhase;
			buildActionMask = 2147483647;
			files = (
				A3CD8DE129EEB6B8000167B4 /* CoinRowView.swift in Sources */,
				A3CD8DE729EF2186000167B4 /* HomeViewModel.swift in Sources */,
				A3452ACA29E974B8005DD013 /* ContentView.swift in Sources */,
				A3452ADD29E9792D005DD013 /* HomeView.swift in Sources */,
				A31FDAD329FFD2370013DD4E /* LocalFileManager.swift in Sources */,
				A3452AC829E974B8005DD013 /* CryptoAppApp.swift in Sources */,
				A3C044F829FFC9BA006D6B24 /* CoinImageView.swift in Sources */,
				A3452AE129E97A9E005DD013 /* CircleButtonView.swift in Sources */,
				A3452AD729E97730005DD013 /* Color.swift in Sources */,
				A3CD8DDC29EEA404000167B4 /* CircleButtonAnimationView.swift in Sources */,
				A3CD8DED29EFFF7D000167B4 /* NetworkingManager.swift in Sources */,
				A3CD8DE329EEB71B000167B4 /* PreviewProvider.swift in Sources */,
				A3C044FD29FFCCF4006D6B24 /* CoinImageViewModel.swift in Sources */,
				A3CD8DE529EEBB15000167B4 /* Double.swift in Sources */,
				A3C044FA29FFCB99006D6B24 /* CoinImageService.swift in Sources */,
				A3CD8DEA29EF263B000167B4 /* CoinDataService.swift in Sources */,
				A3CD8DDF29EEA5FF000167B4 /* CoinModel.swift in Sources */,
			);
			runOnlyForDeploymentPostprocessing = 0;
		};
/* End PBXSourcesBuildPhase section */

/* Begin XCBuildConfiguration section */
		A3452AD029E974B9005DD013 /* Debug */ = {
			isa = XCBuildConfiguration;
			buildSettings = {
				ALWAYS_SEARCH_USER_PATHS = NO;
				CLANG_ANALYZER_NONNULL = YES;
				CLANG_ANALYZER_NUMBER_OBJECT_CONVERSION = YES_AGGRESSIVE;
				CLANG_CXX_LANGUAGE_STANDARD = "gnu++20";
				CLANG_ENABLE_MODULES = YES;
				CLANG_ENABLE_OBJC_ARC = YES;
				CLANG_ENABLE_OBJC_WEAK = YES;
				CLANG_WARN_BLOCK_CAPTURE_AUTORELEASING = YES;
				CLANG_WARN_BOOL_CONVERSION = YES;
				CLANG_WARN_COMMA = YES;
				CLANG_WARN_CONSTANT_CONVERSION = YES;
				CLANG_WARN_DEPRECATED_OBJC_IMPLEMENTATIONS = YES;
				CLANG_WARN_DIRECT_OBJC_ISA_USAGE = YES_ERROR;
				CLANG_WARN_DOCUMENTATION_COMMENTS = YES;
				CLANG_WARN_EMPTY_BODY = YES;
				CLANG_WARN_ENUM_CONVERSION = YES;
				CLANG_WARN_INFINITE_RECURSION = YES;
				CLANG_WARN_INT_CONVERSION = YES;
				CLANG_WARN_NON_LITERAL_NULL_CONVERSION = YES;
				CLANG_WARN_OBJC_IMPLICIT_RETAIN_SELF = YES;
				CLANG_WARN_OBJC_LITERAL_CONVERSION = YES;
				CLANG_WARN_OBJC_ROOT_CLASS = YES_ERROR;
				CLANG_WARN_QUOTED_INCLUDE_IN_FRAMEWORK_HEADER = YES;
				CLANG_WARN_RANGE_LOOP_ANALYSIS = YES;
				CLANG_WARN_STRICT_PROTOTYPES = YES;
				CLANG_WARN_SUSPICIOUS_MOVE = YES;
				CLANG_WARN_UNGUARDED_AVAILABILITY = YES_AGGRESSIVE;
				CLANG_WARN_UNREACHABLE_CODE = YES;
				CLANG_WARN__DUPLICATE_METHOD_MATCH = YES;
				COPY_PHASE_STRIP = NO;
				DEBUG_INFORMATION_FORMAT = dwarf;
				ENABLE_STRICT_OBJC_MSGSEND = YES;
				ENABLE_TESTABILITY = YES;
				GCC_C_LANGUAGE_STANDARD = gnu11;
				GCC_DYNAMIC_NO_PIC = NO;
				GCC_NO_COMMON_BLOCKS = YES;
				GCC_OPTIMIZATION_LEVEL = 0;
				GCC_PREPROCESSOR_DEFINITIONS = (
					"DEBUG=1",
					"$(inherited)",
				);
				GCC_WARN_64_TO_32_BIT_CONVERSION = YES;
				GCC_WARN_ABOUT_RETURN_TYPE = YES_ERROR;
				GCC_WARN_UNDECLARED_SELECTOR = YES;
				GCC_WARN_UNINITIALIZED_AUTOS = YES_AGGRESSIVE;
				GCC_WARN_UNUSED_FUNCTION = YES;
				GCC_WARN_UNUSED_VARIABLE = YES;
				IPHONEOS_DEPLOYMENT_TARGET = 16.4;
				MTL_ENABLE_DEBUG_INFO = INCLUDE_SOURCE;
				MTL_FAST_MATH = YES;
				ONLY_ACTIVE_ARCH = YES;
				SDKROOT = iphoneos;
				SWIFT_ACTIVE_COMPILATION_CONDITIONS = DEBUG;
				SWIFT_OPTIMIZATION_LEVEL = "-Onone";
			};
			name = Debug;
		};
		A3452AD129E974B9005DD013 /* Release */ = {
			isa = XCBuildConfiguration;
			buildSettings = {
				ALWAYS_SEARCH_USER_PATHS = NO;
				CLANG_ANALYZER_NONNULL = YES;
				CLANG_ANALYZER_NUMBER_OBJECT_CONVERSION = YES_AGGRESSIVE;
				CLANG_CXX_LANGUAGE_STANDARD = "gnu++20";
				CLANG_ENABLE_MODULES = YES;
				CLANG_ENABLE_OBJC_ARC = YES;
				CLANG_ENABLE_OBJC_WEAK = YES;
				CLANG_WARN_BLOCK_CAPTURE_AUTORELEASING = YES;
				CLANG_WARN_BOOL_CONVERSION = YES;
				CLANG_WARN_COMMA = YES;
				CLANG_WARN_CONSTANT_CONVERSION = YES;
				CLANG_WARN_DEPRECATED_OBJC_IMPLEMENTATIONS = YES;
				CLANG_WARN_DIRECT_OBJC_ISA_USAGE = YES_ERROR;
				CLANG_WARN_DOCUMENTATION_COMMENTS = YES;
				CLANG_WARN_EMPTY_BODY = YES;
				CLANG_WARN_ENUM_CONVERSION = YES;
				CLANG_WARN_INFINITE_RECURSION = YES;
				CLANG_WARN_INT_CONVERSION = YES;
				CLANG_WARN_NON_LITERAL_NULL_CONVERSION = YES;
				CLANG_WARN_OBJC_IMPLICIT_RETAIN_SELF = YES;
				CLANG_WARN_OBJC_LITERAL_CONVERSION = YES;
				CLANG_WARN_OBJC_ROOT_CLASS = YES_ERROR;
				CLANG_WARN_QUOTED_INCLUDE_IN_FRAMEWORK_HEADER = YES;
				CLANG_WARN_RANGE_LOOP_ANALYSIS = YES;
				CLANG_WARN_STRICT_PROTOTYPES = YES;
				CLANG_WARN_SUSPICIOUS_MOVE = YES;
				CLANG_WARN_UNGUARDED_AVAILABILITY = YES_AGGRESSIVE;
				CLANG_WARN_UNREACHABLE_CODE = YES;
				CLANG_WARN__DUPLICATE_METHOD_MATCH = YES;
				COPY_PHASE_STRIP = NO;
				DEBUG_INFORMATION_FORMAT = "dwarf-with-dsym";
				ENABLE_NS_ASSERTIONS = NO;
				ENABLE_STRICT_OBJC_MSGSEND = YES;
				GCC_C_LANGUAGE_STANDARD = gnu11;
				GCC_NO_COMMON_BLOCKS = YES;
				GCC_WARN_64_TO_32_BIT_CONVERSION = YES;
				GCC_WARN_ABOUT_RETURN_TYPE = YES_ERROR;
				GCC_WARN_UNDECLARED_SELECTOR = YES;
				GCC_WARN_UNINITIALIZED_AUTOS = YES_AGGRESSIVE;
				GCC_WARN_UNUSED_FUNCTION = YES;
				GCC_WARN_UNUSED_VARIABLE = YES;
				IPHONEOS_DEPLOYMENT_TARGET = 16.4;
				MTL_ENABLE_DEBUG_INFO = NO;
				MTL_FAST_MATH = YES;
				SDKROOT = iphoneos;
				SWIFT_COMPILATION_MODE = wholemodule;
				SWIFT_OPTIMIZATION_LEVEL = "-O";
				VALIDATE_PRODUCT = YES;
			};
			name = Release;
		};
		A3452AD329E974B9005DD013 /* Debug */ = {
			isa = XCBuildConfiguration;
			buildSettings = {
				ASSETCATALOG_COMPILER_APPICON_NAME = AppIcon;
				ASSETCATALOG_COMPILER_GLOBAL_ACCENT_COLOR_NAME = AccentColor;
				CODE_SIGN_STYLE = Automatic;
				CURRENT_PROJECT_VERSION = 1;
				DEVELOPMENT_ASSET_PATHS = "\"CryptoApp/Preview Content\"";
				DEVELOPMENT_TEAM = UN5MX5RT64;
				ENABLE_PREVIEWS = YES;
				GENERATE_INFOPLIST_FILE = YES;
				INFOPLIST_KEY_CFBundleDisplayName = "Crypto App";
				INFOPLIST_KEY_LSApplicationCategoryType = "public.app-category.finance";
				INFOPLIST_KEY_UIApplicationSceneManifest_Generation = YES;
				INFOPLIST_KEY_UIApplicationSupportsIndirectInputEvents = YES;
				INFOPLIST_KEY_UILaunchScreen_Generation = YES;
				INFOPLIST_KEY_UISupportedInterfaceOrientations = UIInterfaceOrientationPortrait;
				IPHONEOS_DEPLOYMENT_TARGET = 16.0;
				LD_RUNPATH_SEARCH_PATHS = (
					"$(inherited)",
					"@executable_path/Frameworks",
				);
				MARKETING_VERSION = 1.0;
				PRODUCT_BUNDLE_IDENTIFIER = Evgenii.Mikhailov.CryptoApp;
				PRODUCT_NAME = "$(TARGET_NAME)";
				SUPPORTED_PLATFORMS = "iphoneos iphonesimulator";
				SUPPORTS_MACCATALYST = NO;
				SUPPORTS_MAC_DESIGNED_FOR_IPHONE_IPAD = NO;
				SWIFT_EMIT_LOC_STRINGS = YES;
				SWIFT_VERSION = 5.0;
				TARGETED_DEVICE_FAMILY = "1,2";
			};
			name = Debug;
		};
		A3452AD429E974B9005DD013 /* Release */ = {
			isa = XCBuildConfiguration;
			buildSettings = {
				ASSETCATALOG_COMPILER_APPICON_NAME = AppIcon;
				ASSETCATALOG_COMPILER_GLOBAL_ACCENT_COLOR_NAME = AccentColor;
				CODE_SIGN_STYLE = Automatic;
				CURRENT_PROJECT_VERSION = 1;
				DEVELOPMENT_ASSET_PATHS = "\"CryptoApp/Preview Content\"";
				DEVELOPMENT_TEAM = UN5MX5RT64;
				ENABLE_PREVIEWS = YES;
				GENERATE_INFOPLIST_FILE = YES;
				INFOPLIST_KEY_CFBundleDisplayName = "Crypto App";
				INFOPLIST_KEY_LSApplicationCategoryType = "public.app-category.finance";
				INFOPLIST_KEY_UIApplicationSceneManifest_Generation = YES;
				INFOPLIST_KEY_UIApplicationSupportsIndirectInputEvents = YES;
				INFOPLIST_KEY_UILaunchScreen_Generation = YES;
				INFOPLIST_KEY_UISupportedInterfaceOrientations = UIInterfaceOrientationPortrait;
				IPHONEOS_DEPLOYMENT_TARGET = 16.0;
				LD_RUNPATH_SEARCH_PATHS = (
					"$(inherited)",
					"@executable_path/Frameworks",
				);
				MARKETING_VERSION = 1.0;
				PRODUCT_BUNDLE_IDENTIFIER = Evgenii.Mikhailov.CryptoApp;
				PRODUCT_NAME = "$(TARGET_NAME)";
				SUPPORTED_PLATFORMS = "iphoneos iphonesimulator";
				SUPPORTS_MACCATALYST = NO;
				SUPPORTS_MAC_DESIGNED_FOR_IPHONE_IPAD = NO;
				SWIFT_EMIT_LOC_STRINGS = YES;
				SWIFT_VERSION = 5.0;
				TARGETED_DEVICE_FAMILY = "1,2";
			};
			name = Release;
		};
/* End XCBuildConfiguration section */

/* Begin XCConfigurationList section */
		A3452ABF29E974B8005DD013 /* Build configuration list for PBXProject "CryptoApp" */ = {
			isa = XCConfigurationList;
			buildConfigurations = (
				A3452AD029E974B9005DD013 /* Debug */,
				A3452AD129E974B9005DD013 /* Release */,
			);
			defaultConfigurationIsVisible = 0;
			defaultConfigurationName = Release;
		};
		A3452AD229E974B9005DD013 /* Build configuration list for PBXNativeTarget "CryptoApp" */ = {
			isa = XCConfigurationList;
			buildConfigurations = (
				A3452AD329E974B9005DD013 /* Debug */,
				A3452AD429E974B9005DD013 /* Release */,
			);
			defaultConfigurationIsVisible = 0;
			defaultConfigurationName = Release;
		};
/* End XCConfigurationList section */
	};
	rootObject = A3452ABC29E974B8005DD013 /* Project object */;
}
